Microsoft Visual Studio Solution File, Format Version 12.00
# Visual Studio Version 17
VisualStudioVersion = 17.5.33530.505
MinimumVisualStudioVersion = 10.0.40219.1
Project("{9A19103F-16F7-4668-BE54-9A1E7A4F7556}") = "YiQiKan.DotNet.Model", "YiQiKan.DotNet.Model\YiQiKan.DotNet.Model.csproj", "{6E08390B-9250-4BB3-A790-8256A960D506}"
EndProject
Project("{9A19103F-16F7-4668-BE54-9A1E7A4F7556}") = "YiQiKan.DotNet.Service", "YiQiKan.DotNet.Service\YiQiKan.DotNet.Service.csproj", "{BA68AD40-178C-4C32-BFD7-0B89DAD23916}"
EndProject
Project("{9A19103F-16F7-4668-BE54-9A1E7A4F7556}") = "YiQiKan.DotNet.Test", "YiQiKan.DotNet.Test\YiQiKan.DotNet.Test.csproj", "{635D9780-288E-4AF5-9DDF-FB8270089F7A}"
EndProject
Project("{9A19103F-16F7-4668-BE54-9A1E7A4F7556}") = "YiQiKan.DotNet.Utils", "YiQiKan.DotNet.Utils\YiQiKan.DotNet.Utils.csproj", "{5B2728EB-CDA7-4EC7-B03B-51A9991B5695}"
EndProject
Project("{2150E333-8FDC-42A3-9474-1A3956D46DE8}") = "Test", "Test", "{21BEB5CE-9CF4-43F6-8E32-7EADCD1FB42A}"
EndProject
Project("{2150E333-8FDC-42A3-9474-1A3956D46DE8}") = "App", "App", "{65B450EF-D53C-43A0-8684-9C07D7A06253}"
EndProject
Project("{9A19103F-16F7-4668-BE54-9A1E7A4F7556}") = "YiQiKan.DotNet.Core", "YiQiKan.DotNet.Core\YiQiKan.DotNet.Core.csproj", "{9652D47E-3560-4149-93B7-3364A40C521D}"
EndProject
Project("{9A19103F-16F7-4668-BE54-9A1E7A4F7556}") = "YiQiKan.DotNet.WPF", "YiQiKan.DotNet.WPF\YiQiKan.DotNet.WPF.csproj", "{4E9D8CDD-CC50-403E-8539-B81BBDCB8C7B}"
EndProject
Project("{FAE04EC0-301F-11D3-BF4B-00C04F79EFBC}") = "YiQiKan.DotNet.UWP", "YiQiKan.DotNet.UWP\YiQiKan.DotNet.UWP.csproj", "{6886FFB1-C067-44BB-A87F-F0DDCC3F67E9}"
EndProject
Project("{FAE04EC0-301F-11D3-BF4B-00C04F79EFBC}") = "YiQiKan.DotNet.DataBase", "YiQiKan.DotNet.DataBase\YiQiKan.DotNet.DataBase.csproj", "{A118B5F7-60B0-478D-A926-4D94044B511D}"
EndProject
Global
	GlobalSection(SolutionConfigurationPlatforms) = preSolution
		Debug|Any CPU = Debug|Any CPU
		Debug|ARM = Debug|ARM
		Debug|ARM64 = Debug|ARM64
		Debug|x64 = Debug|x64
		Debug|x86 = Debug|x86
		Release|Any CPU = Release|Any CPU
		Release|ARM = Release|ARM
		Release|ARM64 = Release|ARM64
		Release|x64 = Release|x64
		Release|x86 = Release|x86
	EndGlobalSection
	GlobalSection(ProjectConfigurationPlatforms) = postSolution
		{6E08390B-9250-4BB3-A790-8256A960D506}.Debug|Any CPU.ActiveCfg = Debug|Any CPU
		{6E08390B-9250-4BB3-A790-8256A960D506}.Debug|Any CPU.Build.0 = Debug|Any CPU
		{6E08390B-9250-4BB3-A790-8256A960D506}.Debug|ARM.ActiveCfg = Debug|Any CPU
		{6E08390B-9250-4BB3-A790-8256A960D506}.Debug|ARM.Build.0 = Debug|Any CPU
		{6E08390B-9250-4BB3-A790-8256A960D506}.Debug|ARM64.ActiveCfg = Debug|Any CPU
		{6E08390B-9250-4BB3-A790-8256A960D506}.Debug|ARM64.Build.0 = Debug|Any CPU
		{6E08390B-9250-4BB3-A790-8256A960D506}.Debug|x64.ActiveCfg = Debug|Any CPU
		{6E08390B-9250-4BB3-A790-8256A960D506}.Debug|x64.Build.0 = Debug|Any CPU
		{6E08390B-9250-4BB3-A790-8256A960D506}.Debug|x86.ActiveCfg = Debug|Any CPU
		{6E08390B-9250-4BB3-A790-8256A960D506}.Debug|x86.Build.0 = Debug|Any CPU
		{6E08390B-9250-4BB3-A790-8256A960D506}.Release|Any CPU.ActiveCfg = Release|Any CPU
		{6E08390B-9250-4BB3-A790-8256A960D506}.Release|Any CPU.Build.0 = Release|Any CPU
		{6E08390B-9250-4BB3-A790-8256A960D506}.Release|ARM.ActiveCfg = Release|Any CPU
		{6E08390B-9250-4BB3-A790-8256A960D506}.Release|ARM.Build.0 = Release|Any CPU
		{6E08390B-9250-4BB3-A790-8256A960D506}.Release|ARM64.ActiveCfg = Release|Any CPU
		{6E08390B-9250-4BB3-A790-8256A960D506}.Release|ARM64.Build.0 = Release|Any CPU
		{6E08390B-9250-4BB3-A790-8256A960D506}.Release|x64.ActiveCfg = Release|Any CPU
		{6E08390B-9250-4BB3-A790-8256A960D506}.Release|x64.Build.0 = Release|Any CPU
		{6E08390B-9250-4BB3-A790-8256A960D506}.Release|x86.ActiveCfg = Release|Any CPU
		{6E08390B-9250-4BB3-A790-8256A960D506}.Release|x86.Build.0 = Release|Any CPU
		{BA68AD40-178C-4C32-BFD7-0B89DAD23916}.Debug|Any CPU.ActiveCfg = Debug|Any CPU
		{BA68AD40-178C-4C32-BFD7-0B89DAD23916}.Debug|Any CPU.Build.0 = Debug|Any CPU
		{BA68AD40-178C-4C32-BFD7-0B89DAD23916}.Debug|ARM.ActiveCfg = Debug|Any CPU
		{BA68AD40-178C-4C32-BFD7-0B89DAD23916}.Debug|ARM.Build.0 = Debug|Any CPU
		{BA68AD40-178C-4C32-BFD7-0B89DAD23916}.Debug|ARM64.ActiveCfg = Debug|Any CPU
		{BA68AD40-178C-4C32-BFD7-0B89DAD23916}.Debug|ARM64.Build.0 = Debug|Any CPU
		{BA68AD40-178C-4C32-BFD7-0B89DAD23916}.Debug|x64.ActiveCfg = Debug|Any CPU
		{BA68AD40-178C-4C32-BFD7-0B89DAD23916}.Debug|x64.Build.0 = Debug|Any CPU
		{BA68AD40-178C-4C32-BFD7-0B89DAD23916}.Debug|x86.ActiveCfg = Debug|Any CPU
		{BA68AD40-178C-4C32-BFD7-0B89DAD23916}.Debug|x86.Build.0 = Debug|Any CPU
		{BA68AD40-178C-4C32-BFD7-0B89DAD23916}.Release|Any CPU.ActiveCfg = Release|Any CPU
		{BA68AD40-178C-4C32-BFD7-0B89DAD23916}.Release|Any CPU.Build.0 = Release|Any CPU
		{BA68AD40-178C-4C32-BFD7-0B89DAD23916}.Release|ARM.ActiveCfg = Release|Any CPU
		{BA68AD40-178C-4C32-BFD7-0B89DAD23916}.Release|ARM.Build.0 = Release|Any CPU
		{BA68AD40-178C-4C32-BFD7-0B89DAD23916}.Release|ARM64.ActiveCfg = Release|Any CPU
		{BA68AD40-178C-4C32-BFD7-0B89DAD23916}.Release|ARM64.Build.0 = Release|Any CPU
		{BA68AD40-178C-4C32-BFD7-0B89DAD23916}.Release|x64.ActiveCfg = Release|Any CPU
		{BA68AD40-178C-4C32-BFD7-0B89DAD23916}.Release|x64.Build.0 = Release|Any CPU
		{BA68AD40-178C-4C32-BFD7-0B89DAD23916}.Release|x86.ActiveCfg = Release|Any CPU
		{BA68AD40-178C-4C32-BFD7-0B89DAD23916}.Release|x86.Build.0 = Release|Any CPU
		{635D9780-288E-4AF5-9DDF-FB8270089F7A}.Debug|Any CPU.ActiveCfg = Debug|Any CPU
		{635D9780-288E-4AF5-9DDF-FB8270089F7A}.Debug|Any CPU.Build.0 = Debug|Any CPU
		{635D9780-288E-4AF5-9DDF-FB8270089F7A}.Debug|ARM.ActiveCfg = Debug|Any CPU
		{635D9780-288E-4AF5-9DDF-FB8270089F7A}.Debug|ARM.Build.0 = Debug|Any CPU
		{635D9780-288E-4AF5-9DDF-FB8270089F7A}.Debug|ARM64.ActiveCfg = Debug|Any CPU
		{635D9780-288E-4AF5-9DDF-FB8270089F7A}.Debug|ARM64.Build.0 = Debug|Any CPU
		{635D9780-288E-4AF5-9DDF-FB8270089F7A}.Debug|x64.ActiveCfg = Debug|Any CPU
		{635D9780-288E-4AF5-9DDF-FB8270089F7A}.Debug|x64.Build.0 = Debug|Any CPU
		{635D9780-288E-4AF5-9DDF-FB8270089F7A}.Debug|x86.ActiveCfg = Debug|Any CPU
		{635D9780-288E-4AF5-9DDF-FB8270089F7A}.Debug|x86.Build.0 = Debug|Any CPU
		{635D9780-288E-4AF5-9DDF-FB8270089F7A}.Release|Any CPU.ActiveCfg = Release|Any CPU
		{635D9780-288E-4AF5-9DDF-FB8270089F7A}.Release|Any CPU.Build.0 = Release|Any CPU
		{635D9780-288E-4AF5-9DDF-FB8270089F7A}.Release|ARM.ActiveCfg = Release|Any CPU
		{635D9780-288E-4AF5-9DDF-FB8270089F7A}.Release|ARM.Build.0 = Release|Any CPU
		{635D9780-288E-4AF5-9DDF-FB8270089F7A}.Release|ARM64.ActiveCfg = Release|Any CPU
		{635D9780-288E-4AF5-9DDF-FB8270089F7A}.Release|ARM64.Build.0 = Release|Any CPU
		{635D9780-288E-4AF5-9DDF-FB8270089F7A}.Release|x64.ActiveCfg = Release|Any CPU
		{635D9780-288E-4AF5-9DDF-FB8270089F7A}.Release|x64.Build.0 = Release|Any CPU
		{635D9780-288E-4AF5-9DDF-FB8270089F7A}.Release|x86.ActiveCfg = Release|Any CPU
		{635D9780-288E-4AF5-9DDF-FB8270089F7A}.Release|x86.Build.0 = Release|Any CPU
		{5B2728EB-CDA7-4EC7-B03B-51A9991B5695}.Debug|Any CPU.ActiveCfg = Debug|Any CPU
		{5B2728EB-CDA7-4EC7-B03B-51A9991B5695}.Debug|Any CPU.Build.0 = Debug|Any CPU
		{5B2728EB-CDA7-4EC7-B03B-51A9991B5695}.Debug|ARM.ActiveCfg = Debug|Any CPU
		{5B2728EB-CDA7-4EC7-B03B-51A9991B5695}.Debug|ARM.Build.0 = Debug|Any CPU
		{5B2728EB-CDA7-4EC7-B03B-51A9991B5695}.Debug|ARM64.ActiveCfg = Debug|Any CPU
		{5B2728EB-CDA7-4EC7-B03B-51A9991B5695}.Debug|ARM64.Build.0 = Debug|Any CPU
		{5B2728EB-CDA7-4EC7-B03B-51A9991B5695}.Debug|x64.ActiveCfg = Debug|Any CPU
		{5B2728EB-CDA7-4EC7-B03B-51A9991B5695}.Debug|x64.Build.0 = Debug|Any CPU
		{5B2728EB-CDA7-4EC7-B03B-51A9991B5695}.Debug|x86.ActiveCfg = Debug|Any CPU
		{5B2728EB-CDA7-4EC7-B03B-51A9991B5695}.Debug|x86.Build.0 = Debug|Any CPU
		{5B2728EB-CDA7-4EC7-B03B-51A9991B5695}.Release|Any CPU.ActiveCfg = Release|Any CPU
		{5B2728EB-CDA7-4EC7-B03B-51A9991B5695}.Release|Any CPU.Build.0 = Release|Any CPU
		{5B2728EB-CDA7-4EC7-B03B-51A9991B5695}.Release|ARM.ActiveCfg = Release|Any CPU
		{5B2728EB-CDA7-4EC7-B03B-51A9991B5695}.Release|ARM.Build.0 = Release|Any CPU
		{5B2728EB-CDA7-4EC7-B03B-51A9991B5695}.Release|ARM64.ActiveCfg = Release|Any CPU
		{5B2728EB-CDA7-4EC7-B03B-51A9991B5695}.Release|ARM64.Build.0 = Release|Any CPU
		{5B2728EB-CDA7-4EC7-B03B-51A9991B5695}.Release|x64.ActiveCfg = Release|Any CPU
		{5B2728EB-CDA7-4EC7-B03B-51A9991B5695}.Release|x64.Build.0 = Release|Any CPU
		{5B2728EB-CDA7-4EC7-B03B-51A9991B5695}.Release|x86.ActiveCfg = Release|Any CPU
		{5B2728EB-CDA7-4EC7-B03B-51A9991B5695}.Release|x86.Build.0 = Release|Any CPU
		{9652D47E-3560-4149-93B7-3364A40C521D}.Debug|Any CPU.ActiveCfg = Debug|Any CPU
		{9652D47E-3560-4149-93B7-3364A40C521D}.Debug|Any CPU.Build.0 = Debug|Any CPU
		{9652D47E-3560-4149-93B7-3364A40C521D}.Debug|ARM.ActiveCfg = Debug|Any CPU
		{9652D47E-3560-4149-93B7-3364A40C521D}.Debug|ARM.Build.0 = Debug|Any CPU
		{9652D47E-3560-4149-93B7-3364A40C521D}.Debug|ARM64.ActiveCfg = Debug|Any CPU
		{9652D47E-3560-4149-93B7-3364A40C521D}.Debug|ARM64.Build.0 = Debug|Any CPU
		{9652D47E-3560-4149-93B7-3364A40C521D}.Debug|x64.ActiveCfg = Debug|Any CPU
		{9652D47E-3560-4149-93B7-3364A40C521D}.Debug|x64.Build.0 = Debug|Any CPU
		{9652D47E-3560-4149-93B7-3364A40C521D}.Debug|x86.ActiveCfg = Debug|Any CPU
		{9652D47E-3560-4149-93B7-3364A40C521D}.Debug|x86.Build.0 = Debug|Any CPU
		{9652D47E-3560-4149-93B7-3364A40C521D}.Release|Any CPU.ActiveCfg = Release|Any CPU
		{9652D47E-3560-4149-93B7-3364A40C521D}.Release|Any CPU.Build.0 = Release|Any CPU
		{9652D47E-3560-4149-93B7-3364A40C521D}.Release|ARM.ActiveCfg = Release|Any CPU
		{9652D47E-3560-4149-93B7-3364A40C521D}.Release|ARM.Build.0 = Release|Any CPU
		{9652D47E-3560-4149-93B7-3364A40C521D}.Release|ARM64.ActiveCfg = Release|Any CPU
		{9652D47E-3560-4149-93B7-3364A40C521D}.Release|ARM64.Build.0 = Release|Any CPU
		{9652D47E-3560-4149-93B7-3364A40C521D}.Release|x64.ActiveCfg = Release|Any CPU
		{9652D47E-3560-4149-93B7-3364A40C521D}.Release|x64.Build.0 = Release|Any CPU
		{9652D47E-3560-4149-93B7-3364A40C521D}.Release|x86.ActiveCfg = Release|Any CPU
		{9652D47E-3560-4149-93B7-3364A40C521D}.Release|x86.Build.0 = Release|Any CPU
		{4E9D8CDD-CC50-403E-8539-B81BBDCB8C7B}.Debug|Any CPU.ActiveCfg = Debug|Any CPU
		{4E9D8CDD-CC50-403E-8539-B81BBDCB8C7B}.Debug|Any CPU.Build.0 = Debug|Any CPU
		{4E9D8CDD-CC50-403E-8539-B81BBDCB8C7B}.Debug|ARM.ActiveCfg = Debug|Any CPU
		{4E9D8CDD-CC50-403E-8539-B81BBDCB8C7B}.Debug|ARM.Build.0 = Debug|Any CPU
		{4E9D8CDD-CC50-403E-8539-B81BBDCB8C7B}.Debug|ARM64.ActiveCfg = Debug|Any CPU
		{4E9D8CDD-CC50-403E-8539-B81BBDCB8C7B}.Debug|ARM64.Build.0 = Debug|Any CPU
		{4E9D8CDD-CC50-403E-8539-B81BBDCB8C7B}.Debug|x64.ActiveCfg = Debug|Any CPU
		{4E9D8CDD-CC50-403E-8539-B81BBDCB8C7B}.Debug|x64.Build.0 = Debug|Any CPU
		{4E9D8CDD-CC50-403E-8539-B81BBDCB8C7B}.Debug|x86.ActiveCfg = Debug|Any CPU
		{4E9D8CDD-CC50-403E-8539-B81BBDCB8C7B}.Debug|x86.Build.0 = Debug|Any CPU
		{4E9D8CDD-CC50-403E-8539-B81BBDCB8C7B}.Release|Any CPU.ActiveCfg = Release|Any CPU
		{4E9D8CDD-CC50-403E-8539-B81BBDCB8C7B}.Release|Any CPU.Build.0 = Release|Any CPU
		{4E9D8CDD-CC50-403E-8539-B81BBDCB8C7B}.Release|ARM.ActiveCfg = Release|Any CPU
		{4E9D8CDD-CC50-403E-8539-B81BBDCB8C7B}.Release|ARM.Build.0 = Release|Any CPU
		{4E9D8CDD-CC50-403E-8539-B81BBDCB8C7B}.Release|ARM64.ActiveCfg = Release|Any CPU
		{4E9D8CDD-CC50-403E-8539-B81BBDCB8C7B}.Release|ARM64.Build.0 = Release|Any CPU
		{4E9D8CDD-CC50-403E-8539-B81BBDCB8C7B}.Release|x64.ActiveCfg = Release|Any CPU
		{4E9D8CDD-CC50-403E-8539-B81BBDCB8C7B}.Release|x64.Build.0 = Release|Any CPU
		{4E9D8CDD-CC50-403E-8539-B81BBDCB8C7B}.Release|x86.ActiveCfg = Release|Any CPU
		{4E9D8CDD-CC50-403E-8539-B81BBDCB8C7B}.Release|x86.Build.0 = Release|Any CPU
		{6886FFB1-C067-44BB-A87F-F0DDCC3F67E9}.Debug|Any CPU.ActiveCfg = Debug|x64
		{6886FFB1-C067-44BB-A87F-F0DDCC3F67E9}.Debug|Any CPU.Build.0 = Debug|x64
		{6886FFB1-C067-44BB-A87F-F0DDCC3F67E9}.Debug|Any CPU.Deploy.0 = Debug|x64
		{6886FFB1-C067-44BB-A87F-F0DDCC3F67E9}.Debug|ARM.ActiveCfg = Debug|ARM
		{6886FFB1-C067-44BB-A87F-F0DDCC3F67E9}.Debug|ARM.Build.0 = Debug|ARM
		{6886FFB1-C067-44BB-A87F-F0DDCC3F67E9}.Debug|ARM.Deploy.0 = Debug|ARM
		{6886FFB1-C067-44BB-A87F-F0DDCC3F67E9}.Debug|ARM64.ActiveCfg = Debug|ARM64
		{6886FFB1-C067-44BB-A87F-F0DDCC3F67E9}.Debug|ARM64.Build.0 = Debug|ARM64
		{6886FFB1-C067-44BB-A87F-F0DDCC3F67E9}.Debug|ARM64.Deploy.0 = Debug|ARM64
		{6886FFB1-C067-44BB-A87F-F0DDCC3F67E9}.Debug|x64.ActiveCfg = Debug|x64
		{6886FFB1-C067-44BB-A87F-F0DDCC3F67E9}.Debug|x64.Build.0 = Debug|x64
		{6886FFB1-C067-44BB-A87F-F0DDCC3F67E9}.Debug|x64.Deploy.0 = Debug|x64
		{6886FFB1-C067-44BB-A87F-F0DDCC3F67E9}.Debug|x86.ActiveCfg = Debug|x86
		{6886FFB1-C067-44BB-A87F-F0DDCC3F67E9}.Debug|x86.Build.0 = Debug|x86
		{6886FFB1-C067-44BB-A87F-F0DDCC3F67E9}.Debug|x86.Deploy.0 = Debug|x86
		{6886FFB1-C067-44BB-A87F-F0DDCC3F67E9}.Release|Any CPU.ActiveCfg = Release|x64
		{6886FFB1-C067-44BB-A87F-F0DDCC3F67E9}.Release|Any CPU.Build.0 = Release|x64
		{6886FFB1-C067-44BB-A87F-F0DDCC3F67E9}.Release|Any CPU.Deploy.0 = Release|x64
		{6886FFB1-C067-44BB-A87F-F0DDCC3F67E9}.Release|ARM.ActiveCfg = Release|ARM
		{6886FFB1-C067-44BB-A87F-F0DDCC3F67E9}.Release|ARM.Build.0 = Release|ARM
		{6886FFB1-C067-44BB-A87F-F0DDCC3F67E9}.Release|ARM.Deploy.0 = Release|ARM
		{6886FFB1-C067-44BB-A87F-F0DDCC3F67E9}.Release|ARM64.ActiveCfg = Release|ARM64
		{6886FFB1-C067-44BB-A87F-F0DDCC3F67E9}.Release|ARM64.Build.0 = Release|ARM64
		{6886FFB1-C067-44BB-A87F-F0DDCC3F67E9}.Release|ARM64.Deploy.0 = Release|ARM64
		{6886FFB1-C067-44BB-A87F-F0DDCC3F67E9}.Release|x64.ActiveCfg = Release|x64
		{6886FFB1-C067-44BB-A87F-F0DDCC3F67E9}.Release|x64.Build.0 = Release|x64
		{6886FFB1-C067-44BB-A87F-F0DDCC3F67E9}.Release|x64.Deploy.0 = Release|x64
		{6886FFB1-C067-44BB-A87F-F0DDCC3F67E9}.Release|x86.ActiveCfg = Release|x86
		{6886FFB1-C067-44BB-A87F-F0DDCC3F67E9}.Release|x86.Build.0 = Release|x86
		{6886FFB1-C067-44BB-A87F-F0DDCC3F67E9}.Release|x86.Deploy.0 = Release|x86
		{A118B5F7-60B0-478D-A926-4D94044B511D}.Debug|Any CPU.ActiveCfg = Debug|Any CPU
		{A118B5F7-60B0-478D-A926-4D94044B511D}.Debug|Any CPU.Build.0 = Debug|Any CPU
		{A118B5F7-60B0-478D-A926-4D94044B511D}.Debug|ARM.ActiveCfg = Debug|Any CPU
		{A118B5F7-60B0-478D-A926-4D94044B511D}.Debug|ARM.Build.0 = Debug|Any CPU
		{A118B5F7-60B0-478D-A926-4D94044B511D}.Debug|ARM64.ActiveCfg = Debug|Any CPU
		{A118B5F7-60B0-478D-A926-4D94044B511D}.Debug|ARM64.Build.0 = Debug|Any CPU
		{A118B5F7-60B0-478D-A926-4D94044B511D}.Debug|x64.ActiveCfg = Debug|Any CPU
		{A118B5F7-60B0-478D-A926-4D94044B511D}.Debug|x64.Build.0 = Debug|Any CPU
		{A118B5F7-60B0-478D-A926-4D94044B511D}.Debug|x86.ActiveCfg = Debug|Any CPU
		{A118B5F7-60B0-478D-A926-4D94044B511D}.Debug|x86.Build.0 = Debug|Any CPU
		{A118B5F7-60B0-478D-A926-4D94044B511D}.Release|Any CPU.ActiveCfg = Release|Any CPU
		{A118B5F7-60B0-478D-A926-4D94044B511D}.Release|Any CPU.Build.0 = Release|Any CPU
		{A118B5F7-60B0-478D-A926-4D94044B511D}.Release|ARM.ActiveCfg = Release|Any CPU
		{A118B5F7-60B0-478D-A926-4D94044B511D}.Release|ARM.Build.0 = Release|Any CPU
		{A118B5F7-60B0-478D-A926-4D94044B511D}.Release|ARM64.ActiveCfg = Release|Any CPU
		{A118B5F7-60B0-478D-A926-4D94044B511D}.Release|ARM64.Build.0 = Release|Any CPU
		{A118B5F7-60B0-478D-A926-4D94044B511D}.Release|x64.ActiveCfg = Release|Any CPU
		{A118B5F7-60B0-478D-A926-4D94044B511D}.Release|x64.Build.0 = Release|Any CPU
		{A118B5F7-60B0-478D-A926-4D94044B511D}.Release|x86.ActiveCfg = Release|Any CPU
		{A118B5F7-60B0-478D-A926-4D94044B511D}.Release|x86.Build.0 = Release|Any CPU
	EndGlobalSection
	GlobalSection(SolutionProperties) = preSolution
		HideSolutionNode = FALSE
	EndGlobalSection
	GlobalSection(NestedProjects) = preSolution
		{635D9780-288E-4AF5-9DDF-FB8270089F7A} = {21BEB5CE-9CF4-43F6-8E32-7EADCD1FB42A}
		{4E9D8CDD-CC50-403E-8539-B81BBDCB8C7B} = {65B450EF-D53C-43A0-8684-9C07D7A06253}
		{6886FFB1-C067-44BB-A87F-F0DDCC3F67E9} = {65B450EF-D53C-43A0-8684-9C07D7A06253}
	EndGlobalSection
	GlobalSection(ExtensibilityGlobals) = postSolution
		SolutionGuid = {B6FFD537-8483-4CE4-9864-B73D3A80179B}
	EndGlobalSection
EndGlobal
